{
  "requires": true,
  "lockfileVersion": 1,
  "dependencies": {
    "@types/ragemp-c": {
      "version": "github:CocaColaBear/types-ragemp-c#c62a0e17f2f6aa82d321c1c4623c1e32463718a1",
      "from": "github:CocaColaBear/types-ragemp-c#master"
    },
    "@types/ragemp-s": {
      "version": "github:CocaColaBear/types-ragemp-s#dfb0f4d4a578a1ee2a5800def0f0b536139f674d",
      "from": "github:CocaColaBear/types-ragemp-s#master"
    }
  }
}
